{
  "name": "asynctest",
  "version": "1.0.0",
  "lockfileVersion": 1,
  "requires": true,
  "dependencies": {
    "@types/jquery": {
      "version": "3.3.1",
      "resolved": "https://registry.npmjs.org/@types/jquery/-/jquery-3.3.1.tgz",
      "integrity": "sha512-N3h+rzN518yl2xKrW0o6KKdNmWZ+OwG6SoM5TBEQFF0tTv5wXPEsoOuYQ2Kt3/89XbcSZUJLdjiT/2c3BR/ApQ=="
    },
    "@types/three": {
      "version": "0.91.3",
      "resolved": "https://registry.npmjs.org/@types/three/-/three-0.91.3.tgz",
      "integrity": "sha512-KJruuZlrxgOlt48C2BGv3rEXwqPSWSCtG/WDreuBG450P8c/b//8ROCjgCGszHNFir4/8y+p4fZwllg64T8xew==",
      "requires": {
        "@types/webvr-api": "0.0.33"
      }
    },
    "@types/webvr-api": {
      "version": "0.0.33",
      "resolved": "https://registry.npmjs.org/@types/webvr-api/-/webvr-api-0.0.33.tgz",
      "integrity": "sha512-XuPhofBuMa5Ouj0KotRBIMWnpp1xIWaSsB9Of8JBU9j1+9c/bSACQrlokLnzjx4dPfIlUMATdJMQFjOrhLPFjA=="
    }
  }
}
